Microsoft Visual Studio Solution File, Format Version 12.00
# Visual Studio Version 17
VisualStudioVersion = 17.5.2.0
MinimumVisualStudioVersion = 10.0.40219.1
Project("{2150E333-8FDC-42A3-9474-1A3956D46DE8}") = "RecipeOrganizer", "RecipeOrganizer", "{2FF7E409-218A-6396-7147-AD7061C4B141}"
EndProject
Project("{FAE04EC0-301F-11D3-BF4B-00C04F79EFBC}") = "RecipeOrganizerUI", "RecipeOrganizer\RecipeOrganizerUI\RecipeOrganizerUI.csproj", "{7D30B205-B276-6098-9D0C-C34E99CFD75A}"
EndProject
Global
	GlobalSection(SolutionConfigurationPlatforms) = preSolution
		Debug|Any CPU = Debug|Any CPU
		Release|Any CPU = Release|Any CPU
	EndGlobalSection
	GlobalSection(ProjectConfigurationPlatforms) = postSolution
		{7D30B205-B276-6098-9D0C-C34E99CFD75A}.Debug|Any CPU.ActiveCfg = Debug|Any CPU
		{7D30B205-B276-6098-9D0C-C34E99CFD75A}.Debug|Any CPU.Build.0 = Debug|Any CPU
		{7D30B205-B276-6098-9D0C-C34E99CFD75A}.Release|Any CPU.ActiveCfg = Release|Any CPU
		{7D30B205-B276-6098-9D0C-C34E99CFD75A}.Release|Any CPU.Build.0 = Release|Any CPU
	EndGlobalSection
	GlobalSection(SolutionProperties) = preSolution
		HideSolutionNode = FALSE
	EndGlobalSection
	GlobalSection(NestedProjects) = preSolution
		{7D30B205-B276-6098-9D0C-C34E99CFD75A} = {2FF7E409-218A-6396-7147-AD7061C4B141}
	EndGlobalSection
	GlobalSection(ExtensibilityGlobals) = postSolution
		SolutionGuid = {04FE6B51-EC8A-4020-8657-E943CCACAD41}
	EndGlobalSection
EndGlobal
